
Microsoft Visual Studio Solution File, Format Version 12.00
Project("{FAE04EC0-301F-11D3-BF4B-00C04F79EFBC}") = "HaydeeLevelGen", "HaydeeLevelGen\HaydeeLevelGen.csproj", "{918D45F9-DAF9-4F7B-8A45-1F8476C5DCD9}"
EndProject
Global
	GlobalSection(SolutionConfigurationPlatforms) = preSolution
		Debug|Any CPU = Debug|Any CPU
		Release|Any CPU = Release|Any CPU
	EndGlobalSection
	GlobalSection(ProjectConfigurationPlatforms) = postSolution
		{918D45F9-DAF9-4F7B-8A45-1F8476C5DCD9}.Debug|Any CPU.ActiveCfg = Debug|Any CPU
		{918D45F9-DAF9-4F7B-8A45-1F8476C5DCD9}.Debug|Any CPU.Build.0 = Debug|Any CPU
		{918D45F9-DAF9-4F7B-8A45-1F8476C5DCD9}.Release|Any CPU.ActiveCfg = Release|Any CPU
		{918D45F9-DAF9-4F7B-8A45-1F8476C5DCD9}.Release|Any CPU.Build.0 = Release|Any CPU
	EndGlobalSection
EndGlobal
